
Microsoft Visual Studio Solution File, Format Version 12.00
# Visual Studio Version 16
VisualStudioVersion = 16.0.28729.10
MinimumVisualStudioVersion = 10.0.40219.1
Project("{FAE04EC0-301F-11D3-BF4B-00C04F79EFBC}") = "DiSh", "DiSh\DiSh.csproj", "{7A0F6DA1-E6FF-4A89-BA53-281DC9F25F9F}"
EndProject
Global
	GlobalSection(SolutionConfigurationPlatforms) = preSolution
		Debug|Any CPU = Debug|Any CPU
		Release|Any CPU = Release|Any CPU
	EndGlobalSection
	GlobalSection(ProjectConfigurationPlatforms) = postSolution
		{7A0F6DA1-E6FF-4A89-BA53-281DC9F25F9F}.Debug|Any CPU.ActiveCfg = Debug|Any CPU
		{7A0F6DA1-E6FF-4A89-BA53-281DC9F25F9F}.Debug|Any CPU.Build.0 = Debug|Any CPU
		{7A0F6DA1-E6FF-4A89-BA53-281DC9F25F9F}.Release|Any CPU.ActiveCfg = Release|Any CPU
		{7A0F6DA1-E6FF-4A89-BA53-281DC9F25F9F}.Release|Any CPU.Build.0 = Release|Any CPU
	EndGlobalSection
	GlobalSection(SolutionProperties) = preSolution
		HideSolutionNode = FALSE
	EndGlobalSection
	GlobalSection(ExtensibilityGlobals) = postSolution
		SolutionGuid = {4C89C3B5-8FFB-467F-BDF2-44AE3D5C4A28}
	EndGlobalSection
EndGlobal
